
Microsoft Visual Studio Solution File, Format Version 12.00
# Visual Studio 14
VisualStudioVersion = 14.0.25420.1
MinimumVisualStudioVersion = 10.0.40219.1
Project("{FAE04EC0-301F-11D3-BF4B-00C04F79EFBC}") = "CSharpExercises", "CSharpExercises\CSharpExercises.csproj", "{473A5323-1116-4664-9E69-70B545612A0A}"
EndProject
Project("{FAE04EC0-301F-11D3-BF4B-00C04F79EFBC}") = "CSharpExercisesUnitTestProject", "CSharpExercisesUnitTestProject\CSharpExercisesUnitTestProject.csproj", "{FADDFA7A-1F5F-41C6-9B10-6A5E9A525D91}"
EndProject
Global
	GlobalSection(SolutionConfigurationPlatforms) = preSolution
		Debug|Any CPU = Debug|Any CPU
		Release|Any CPU = Release|Any CPU
	EndGlobalSection
	GlobalSection(ProjectConfigurationPlatforms) = postSolution
		{473A5323-1116-4664-9E69-70B545612A0A}.Debug|Any CPU.ActiveCfg = Debug|Any CPU
		{473A5323-1116-4664-9E69-70B545612A0A}.Debug|Any CPU.Build.0 = Debug|Any CPU
		{473A5323-1116-4664-9E69-70B545612A0A}.Release|Any CPU.ActiveCfg = Release|Any CPU
		{473A5323-1116-4664-9E69-70B545612A0A}.Release|Any CPU.Build.0 = Release|Any CPU
		{FADDFA7A-1F5F-41C6-9B10-6A5E9A525D91}.Debug|Any CPU.ActiveCfg = Debug|Any CPU
		{FADDFA7A-1F5F-41C6-9B10-6A5E9A525D91}.Debug|Any CPU.Build.0 = Debug|Any CPU
		{FADDFA7A-1F5F-41C6-9B10-6A5E9A525D91}.Release|Any CPU.ActiveCfg = Release|Any CPU
		{FADDFA7A-1F5F-41C6-9B10-6A5E9A525D91}.Release|Any CPU.Build.0 = Release|Any CPU
	EndGlobalSection
	GlobalSection(SolutionProperties) = preSolution
		HideSolutionNode = FALSE
	EndGlobalSection
EndGlobal
